// !$*UTF8*$!
{
	archiveVersion = 1;
	classes = {
	};
	objectVersion = 51;
	objects = {

/* Begin PBXBuildFile section */
		9DE3F2B6EA21D968C761DAB2 /* Pods_OrzBLEDemo.framework in Frameworks */ = {isa = PBXBuildFile; fileRef = AD37DB7EA7B11B0179DF3A97 /* Pods_OrzBLEDemo.framework */; };
		F3B9C55921D8ADBC006B087C /* AppDelegate.swift in Sources */ = {isa = PBXBuildFile; fileRef = F3B9C55821D8ADBC006B087C /* AppDelegate.swift */; };
		F3B9C55B21D8ADBC006B087C /* ViewController.swift in Sources */ = {isa = PBXBuildFile; fileRef = F3B9C55A21D8ADBC006B087C /* ViewController.swift */; };
		F3B9C55E21D8ADBC006B087C /* Main.storyboard in Resources */ = {isa = PBXBuildFile; fileRef = F3B9C55C21D8ADBC006B087C /* Main.storyboard */; };
		F3B9C56021D8ADBD006B087C /* Assets.xcassets in Resources */ = {isa = PBXBuildFile; fileRef = F3B9C55F21D8ADBD006B087C /* Assets.xcassets */; };
		F3B9C56321D8ADBD006B087C /* LaunchScreen.storyboard in Resources */ = {isa = PBXBuildFile; fileRef = F3B9C56121D8ADBD006B087C /* LaunchScreen.storyboard */; };
/* End PBXBuildFile section */

/* Begin PBXCopyFilesBuildPhase section */
		F3B9C57B21D8AE72006B087C /* Embed Frameworks */ = {
			isa = PBXCopyFilesBuildPhase;
			buildActionMask = 2147483647;
			dstPath = "";
			dstSubfolderSpec = 10;
			files = (
			);
			name = "Embed Frameworks";
			runOnlyForDeploymentPostprocessing = 0;
		};
/* End PBXCopyFilesBuildPhase section */

/* Begin PBXFileReference section */
		58207A5316F528A10C07A25F /* Pods-OrzBLEDemo.release.xcconfig */ = {isa = PBXFileReference; includeInIndex = 1; lastKnownFileType = text.xcconfig; name = "Pods-OrzBLEDemo.release.xcconfig"; path = "Pods/Target Support Files/Pods-OrzBLEDemo/Pods-OrzBLEDemo.release.xcconfig"; sourceTree = "<group>"; };
		764682C457B4C79DB58D11AE /* Pods-OrzBLE.release.xcconfig */ = {isa = PBXFileReference; includeInIndex = 1; lastKnownFileType = text.xcconfig; name = "Pods-OrzBLE.release.xcconfig"; path = "Pods/Target Support Files/Pods-OrzBLE/Pods-OrzBLE.release.xcconfig"; sourceTree = "<group>"; };
		AD37DB7EA7B11B0179DF3A97 /* Pods_OrzBLEDemo.framework */ = {isa = PBXFileReference; explicitFileType = wrapper.framework; includeInIndex = 0; path = Pods_OrzBLEDemo.framework; sourceTree = BUILT_PRODUCTS_DIR; };
		CD767732197F43D0BD5C9630 /* Pods-OrzBLE.debug.xcconfig */ = {isa = PBXFileReference; includeInIndex = 1; lastKnownFileType = text.xcconfig; name = "Pods-OrzBLE.debug.xcconfig"; path = "Pods/Target Support Files/Pods-OrzBLE/Pods-OrzBLE.debug.xcconfig"; sourceTree = "<group>"; };
		E9832DBC08F70CD0EB78F27C /* Pods-OrzBLEDemo.debug.xcconfig */ = {isa = PBXFileReference; includeInIndex = 1; lastKnownFileType = text.xcconfig; name = "Pods-OrzBLEDemo.debug.xcconfig"; path = "Pods/Target Support Files/Pods-OrzBLEDemo/Pods-OrzBLEDemo.debug.xcconfig"; sourceTree = "<group>"; };
		EA86E716373B1F512DAC4C49 /* Pods_OrzBLE.framework */ = {isa = PBXFileReference; explicitFileType = wrapper.framework; includeInIndex = 0; path = Pods_OrzBLE.framework; sourceTree = BUILT_PRODUCTS_DIR; };
		F367AA2621D8CFCD0015F44E /* OrzBLE.framework */ = {isa = PBXFileReference; explicitFileType = wrapper.framework; path = OrzBLE.framework; sourceTree = BUILT_PRODUCTS_DIR; };
		F367AA2B21D8D2AE0015F44E /* OrzBLE.framework */ = {isa = PBXFileReference; explicitFileType = wrapper.framework; path = OrzBLE.framework; sourceTree = BUILT_PRODUCTS_DIR; };
		F3B9C55521D8ADBC006B087C /* OrzBLEDemo.app */ = {isa = PBXFileReference; explicitFileType = wrapper.application; includeInIndex = 0; path = OrzBLEDemo.app; sourceTree = BUILT_PRODUCTS_DIR; };
		F3B9C55821D8ADBC006B087C /* AppDelegate.swift */ = {isa = PBXFileReference; lastKnownFileType = sourcecode.swift; path = AppDelegate.swift; sourceTree = "<group>"; };
		F3B9C55A21D8ADBC006B087C /* ViewController.swift */ = {isa = PBXFileReference; lastKnownFileType = sourcecode.swift; path = ViewController.swift; sourceTree = "<group>"; };
		F3B9C55D21D8ADBC006B087C /* Base */ = {isa = PBXFileReference; lastKnownFileType = file.storyboard; name = Base; path = Base.lproj/Main.storyboard; sourceTree = "<group>"; };
		F3B9C55F21D8ADBD006B087C /* Assets.xcassets */ = {isa = PBXFileReference; lastKnownFileType = folder.assetcatalog; path = Assets.xcassets; sourceTree = "<group>"; };
		F3B9C56221D8ADBD006B087C /* Base */ = {isa = PBXFileReference; lastKnownFileType = file.storyboard; name = Base; path = Base.lproj/LaunchScreen.storyboard; sourceTree = "<group>"; };
		F3B9C56421D8ADBD006B087C /* Info.plist */ = {isa = PBXFileReference; lastKnownFileType = text.plist.xml; path = Info.plist; sourceTree = "<group>"; };
/* End PBXFileReference section */

/* Begin PBXFrameworksBuildPhase section */
		F3B9C55221D8ADBC006B087C /* Frameworks */ = {
			isa = PBXFrameworksBuildPhase;
			buildActionMask = 2147483647;
			files = (
				9DE3F2B6EA21D968C761DAB2 /* Pods_OrzBLEDemo.framework in Frameworks */,
			);
			runOnlyForDeploymentPostprocessing = 0;
		};
/* End PBXFrameworksBuildPhase section */

/* Begin PBXGroup section */
		1EC1A2F8CB2DEDC8EBD8B324 /* Pods */ = {
			isa = PBXGroup;
			children = (
				CD767732197F43D0BD5C9630 /* Pods-OrzBLE.debug.xcconfig */,
				764682C457B4C79DB58D11AE /* Pods-OrzBLE.release.xcconfig */,
				E9832DBC08F70CD0EB78F27C /* Pods-OrzBLEDemo.debug.xcconfig */,
				58207A5316F528A10C07A25F /* Pods-OrzBLEDemo.release.xcconfig */,
			);
			name = Pods;
			sourceTree = "<group>";
		};
		E611383BC247A9659CAA8489 /* Frameworks */ = {
			isa = PBXGroup;
			children = (
				F367AA2B21D8D2AE0015F44E /* OrzBLE.framework */,
				F367AA2621D8CFCD0015F44E /* OrzBLE.framework */,
				EA86E716373B1F512DAC4C49 /* Pods_OrzBLE.framework */,
				AD37DB7EA7B11B0179DF3A97 /* Pods_OrzBLEDemo.framework */,
			);
			name = Frameworks;
			sourceTree = "<group>";
		};
		F3B9C54C21D8ADBC006B087C = {
			isa = PBXGroup;
			children = (
				F3B9C55721D8ADBC006B087C /* OrzBLEDemo */,
				F3B9C55621D8ADBC006B087C /* Products */,
				1EC1A2F8CB2DEDC8EBD8B324 /* Pods */,
				E611383BC247A9659CAA8489 /* Frameworks */,
			);
			sourceTree = "<group>";
		};
		F3B9C55621D8ADBC006B087C /* Products */ = {
			isa = PBXGroup;
			children = (
				F3B9C55521D8ADBC006B087C /* OrzBLEDemo.app */,
			);
			name = Products;
			sourceTree = "<group>";
		};
		F3B9C55721D8ADBC006B087C /* OrzBLEDemo */ = {
			isa = PBXGroup;
			children = (
				F3B9C55821D8ADBC006B087C /* AppDelegate.swift */,
				F3B9C56421D8ADBD006B087C /* Info.plist */,
				F3B9C55A21D8ADBC006B087C /* ViewController.swift */,
				F3B9C55C21D8ADBC006B087C /* Main.storyboard */,
				F3B9C55F21D8ADBD006B087C /* Assets.xcassets */,
				F3B9C56121D8ADBD006B087C /* LaunchScreen.storyboard */,
			);
			path = OrzBLEDemo;
			sourceTree = "<group>";
		};
/* End PBXGroup section */

/* Begin PBXNativeTarget section */
		F3B9C55421D8ADBC006B087C /* OrzBLEDemo */ = {
			isa = PBXNativeTarget;
			buildConfigurationList = F3B9C56721D8ADBD006B087C /* Build configuration list for PBXNativeTarget "OrzBLEDemo" */;
			buildPhases = (
				745288CD76ECADDC870A9734 /* [CP] Check Pods Manifest.lock */,
				F3B9C55121D8ADBC006B087C /* Sources */,
				F3B9C55221D8ADBC006B087C /* Frameworks */,
				F3B9C55321D8ADBC006B087C /* Resources */,
				F3B9C57B21D8AE72006B087C /* Embed Frameworks */,
				A784250679939F233DECB770 /* [CP] Embed Pods Frameworks */,
			);
			buildRules = (
			);
			dependencies = (
			);
			name = OrzBLEDemo;
			productName = OrzBLEDemo;
			productReference = F3B9C55521D8ADBC006B087C /* OrzBLEDemo.app */;
			productType = "com.apple.product-type.application";
		};
/* End PBXNativeTarget section */

/* Begin PBXProject section */
		F3B9C54D21D8ADBC006B087C /* Project object */ = {
			isa = PBXProject;
			attributes = {
				LastSwiftUpdateCheck = 1010;
				LastUpgradeCheck = 1010;
				ORGANIZATIONNAME = joker;
				TargetAttributes = {
					F3B9C55421D8ADBC006B087C = {
						CreatedOnToolsVersion = 10.1;
						SystemCapabilities = {
							com.apple.BackgroundModes = {
								enabled = 1;
							};
						};
					};
				};
			};
			buildConfigurationList = F3B9C55021D8ADBC006B087C /* Build configuration list for PBXProject "OrzBLEDemo" */;
			compatibilityVersion = "Xcode 9.3";
			developmentRegion = en;
			hasScannedForEncodings = 0;
			knownRegions = (
				en,
				Base,
			);
			mainGroup = F3B9C54C21D8ADBC006B087C;
			productRefGroup = F3B9C55621D8ADBC006B087C /* Products */;
			projectDirPath = "";
			projectRoot = "";
			targets = (
				F3B9C55421D8ADBC006B087C /* OrzBLEDemo */,
			);
		};
/* End PBXProject section */

/* Begin PBXResourcesBuildPhase section */
		F3B9C55321D8ADBC006B087C /* Resources */ = {
			isa = PBXResourcesBuildPhase;
			buildActionMask = 2147483647;
			files = (
				F3B9C56321D8ADBD006B087C /* LaunchScreen.storyboard in Resources */,
				F3B9C56021D8ADBD006B087C /* Assets.xcassets in Resources */,
				F3B9C55E21D8ADBC006B087C /* Main.storyboard in Resources */,
			);
			runOnlyForDeploymentPostprocessing = 0;
		};
/* End PBXResourcesBuildPhase section */

/* Begin PBXShellScriptBuildPhase section */
		745288CD76ECADDC870A9734 /* [CP] Check Pods Manifest.lock */ = {
			isa = PBXShellScriptBuildPhase;
			buildActionMask = 2147483647;
			files = (
			);
			inputPaths = (
				"${PODS_PODFILE_DIR_PATH}/Podfile.lock",
				"${PODS_ROOT}/Manifest.lock",
			);
			name = "[CP] Check Pods Manifest.lock";
			outputPaths = (
				"$(DERIVED_FILE_DIR)/Pods-OrzBLEDemo-checkManifestLockResult.txt",
			);
			runOnlyForDeploymentPostprocessing = 0;
			shellPath = /bin/sh;
			shellScript = "diff \"${PODS_PODFILE_DIR_PATH}/Podfile.lock\" \"${PODS_ROOT}/Manifest.lock\" > /dev/null\nif [ $? != 0 ] ; then\n    # print error to STDERR\n    echo \"error: The sandbox is not in sync with the Podfile.lock. Run 'pod install' or update your CocoaPods installation.\" >&2\n    exit 1\nfi\n# This output is used by Xcode 'outputs' to avoid re-running this script phase.\necho \"SUCCESS\" > \"${SCRIPT_OUTPUT_FILE_0}\"\n";
			showEnvVarsInLog = 0;
		};
		A784250679939F233DECB770 /* [CP] Embed Pods Frameworks */ = {
			isa = PBXShellScriptBuildPhase;
			buildActionMask = 2147483647;
			files = (
			);
			inputFileListPaths = (
				"${PODS_ROOT}/Target Support Files/Pods-OrzBLEDemo/Pods-OrzBLEDemo-frameworks-${CONFIGURATION}-input-files.xcfilelist",
			);
			name = "[CP] Embed Pods Frameworks";
			outputFileListPaths = (
				"${PODS_ROOT}/Target Support Files/Pods-OrzBLEDemo/Pods-OrzBLEDemo-frameworks-${CONFIGURATION}-output-files.xcfilelist",
			);
			runOnlyForDeploymentPostprocessing = 0;
			shellPath = /bin/sh;
			shellScript = "\"${PODS_ROOT}/Target Support Files/Pods-OrzBLEDemo/Pods-OrzBLEDemo-frameworks.sh\"\n";
			showEnvVarsInLog = 0;
		};
/* End PBXShellScriptBuildPhase section */

/* Begin PBXSourcesBuildPhase section */
		F3B9C55121D8ADBC006B087C /* Sources */ = {
			isa = PBXSourcesBuildPhase;
			buildActionMask = 2147483647;
			files = (
				F3B9C55B21D8ADBC006B087C /* ViewController.swift in Sources */,
				F3B9C55921D8ADBC006B087C /* AppDelegate.swift in Sources */,
			);
			runOnlyForDeploymentPostprocessing = 0;
		};
/* End PBXSourcesBuildPhase section */

/* Begin PBXVariantGroup section */
		F3B9C55C21D8ADBC006B087C /* Main.storyboard */ = {
			isa = PBXVariantGroup;
			children = (
				F3B9C55D21D8ADBC006B087C /* Base */,
			);
			name = Main.storyboard;
			sourceTree = "<group>";
		};
		F3B9C56121D8ADBD006B087C /* LaunchScreen.storyboard */ = {
			isa = PBXVariantGroup;
			children = (
				F3B9C56221D8ADBD006B087C /* Base */,
			);
			name = LaunchScreen.storyboard;
			sourceTree = "<group>";
		};
/* End PBXVariantGroup section */

/* Begin XCBuildConfiguration section */
		F3B9C56521D8ADBD006B087C /* Debug */ = {
			isa = XCBuildConfiguration;
			buildSettings = {
				ALWAYS_SEARCH_USER_PATHS = NO;
				CLANG_ANALYZER_NONNULL = YES;
				CLANG_ANALYZER_NUMBER_OBJECT_CONVERSION = YES_AGGRESSIVE;
				CLANG_CXX_LANGUAGE_STANDARD = "gnu++14";
				CLANG_CXX_LIBRARY = "libc++";
				CLANG_ENABLE_MODULES = YES;
				CLANG_ENABLE_OBJC_ARC = YES;
				CLANG_ENABLE_OBJC_WEAK = YES;
				CLANG_WARN_BLOCK_CAPTURE_AUTORELEASING = YES;
				CLANG_WARN_BOOL_CONVERSION = YES;
				CLANG_WARN_COMMA = YES;
				CLANG_WARN_CONSTANT_CONVERSION = YES;
				CLANG_WARN_DEPRECATED_OBJC_IMPLEMENTATIONS = YES;
				CLANG_WARN_DIRECT_OBJC_ISA_USAGE = YES_ERROR;
				CLANG_WARN_DOCUMENTATION_COMMENTS = YES;
				CLANG_WARN_EMPTY_BODY = YES;
				CLANG_WARN_ENUM_CONVERSION = YES;
				CLANG_WARN_INFINITE_RECURSION = YES;
				CLANG_WARN_INT_CONVERSION = YES;
				CLANG_WARN_NON_LITERAL_NULL_CONVERSION = YES;
				CLANG_WARN_OBJC_IMPLICIT_RETAIN_SELF = YES;
				CLANG_WARN_OBJC_LITERAL_CONVERSION = YES;
				CLANG_WARN_OBJC_ROOT_CLASS = YES_ERROR;
				CLANG_WARN_RANGE_LOOP_ANALYSIS = YES;
				CLANG_WARN_STRICT_PROTOTYPES = YES;
				CLANG_WARN_SUSPICIOUS_MOVE = YES;
				CLANG_WARN_UNGUARDED_AVAILABILITY = YES_AGGRESSIVE;
				CLANG_WARN_UNREACHABLE_CODE = YES;
				CLANG_WARN__DUPLICATE_METHOD_MATCH = YES;
				CODE_SIGN_IDENTITY = "iPhone Developer";
				COPY_PHASE_STRIP = NO;
				DEBUG_INFORMATION_FORMAT = dwarf;
				ENABLE_STRICT_OBJC_MSGSEND = YES;
				ENABLE_TESTABILITY = YES;
				GCC_C_LANGUAGE_STANDARD = gnu11;
				GCC_DYNAMIC_NO_PIC = NO;
				GCC_NO_COMMON_BLOCKS = YES;
				GCC_OPTIMIZATION_LEVEL = 0;
				GCC_PREPROCESSOR_DEFINITIONS = (
					"DEBUG=1",
					"$(inherited)",
				);
				GCC_WARN_64_TO_32_BIT_CONVERSION = YES;
				GCC_WARN_ABOUT_RETURN_TYPE = YES_ERROR;
				GCC_WARN_UNDECLARED_SELECTOR = YES;
				GCC_WARN_UNINITIALIZED_AUTOS = YES_AGGRESSIVE;
				GCC_WARN_UNUSED_FUNCTION = YES;
				GCC_WARN_UNUSED_VARIABLE = YES;
				IPHONEOS_DEPLOYMENT_TARGET = 9.0;
				MTL_ENABLE_DEBUG_INFO = INCLUDE_SOURCE;
				MTL_FAST_MATH = YES;
				ONLY_ACTIVE_ARCH = YES;
				SDKROOT = iphoneos;
				SWIFT_ACTIVE_COMPILATION_CONDITIONS = DEBUG;
				SWIFT_OPTIMIZATION_LEVEL = "-Onone";
			};
			name = Debug;
		};
		F3B9C56621D8ADBD006B087C /* Release */ = {
			isa = XCBuildConfiguration;
			buildSettings = {
				ALWAYS_SEARCH_USER_PATHS = NO;
				CLANG_ANALYZER_NONNULL = YES;
				CLANG_ANALYZER_NUMBER_OBJECT_CONVERSION = YES_AGGRESSIVE;
				CLANG_CXX_LANGUAGE_STANDARD = "gnu++14";
				CLANG_CXX_LIBRARY = "libc++";
				CLANG_ENABLE_MODULES = YES;
				CLANG_ENABLE_OBJC_ARC = YES;
				CLANG_ENABLE_OBJC_WEAK = YES;
				CLANG_WARN_BLOCK_CAPTURE_AUTORELEASING = YES;
				CLANG_WARN_BOOL_CONVERSION = YES;
				CLANG_WARN_COMMA = YES;
				CLANG_WARN_CONSTANT_CONVERSION = YES;
				CLANG_WARN_DEPRECATED_OBJC_IMPLEMENTATIONS = YES;
				CLANG_WARN_DIRECT_OBJC_ISA_USAGE = YES_ERROR;
				CLANG_WARN_DOCUMENTATION_COMMENTS = YES;
				CLANG_WARN_EMPTY_BODY = YES;
				CLANG_WARN_ENUM_CONVERSION = YES;
				CLANG_WARN_INFINITE_RECURSION = YES;
				CLANG_WARN_INT_CONVERSION = YES;
				CLANG_WARN_NON_LITERAL_NULL_CONVERSION = YES;
				CLANG_WARN_OBJC_IMPLICIT_RETAIN_SELF = YES;
				CLANG_WARN_OBJC_LITERAL_CONVERSION = YES;
				CLANG_WARN_OBJC_ROOT_CLASS = YES_ERROR;
				CLANG_WARN_RANGE_LOOP_ANALYSIS = YES;
				CLANG_WARN_STRICT_PROTOTYPES = YES;
				CLANG_WARN_SUSPICIOUS_MOVE = YES;
				CLANG_WARN_UNGUARDED_AVAILABILITY = YES_AGGRESSIVE;
				CLANG_WARN_UNREACHABLE_CODE = YES;
				CLANG_WARN__DUPLICATE_METHOD_MATCH = YES;
				CODE_SIGN_IDENTITY = "iPhone Developer";
				COPY_PHASE_STRIP = NO;
				DEBUG_INFORMATION_FORMAT = "dwarf-with-dsym";
				ENABLE_NS_ASSERTIONS = NO;
				ENABLE_STRICT_OBJC_MSGSEND = YES;
				GCC_C_LANGUAGE_STANDARD = gnu11;
				GCC_NO_COMMON_BLOCKS = YES;
				GCC_WARN_64_TO_32_BIT_CONVERSION = YES;
				GCC_WARN_ABOUT_RETURN_TYPE = YES_ERROR;
				GCC_WARN_UNDECLARED_SELECTOR = YES;
				GCC_WARN_UNINITIALIZED_AUTOS = YES_AGGRESSIVE;
				GCC_WARN_UNUSED_FUNCTION = YES;
				GCC_WARN_UNUSED_VARIABLE = YES;
				IPHONEOS_DEPLOYMENT_TARGET = 9.0;
				MTL_ENABLE_DEBUG_INFO = NO;
				MTL_FAST_MATH = YES;
				SDKROOT = iphoneos;
				SWIFT_COMPILATION_MODE = wholemodule;
				SWIFT_OPTIMIZATION_LEVEL = "-O";
				VALIDATE_PRODUCT = YES;
			};
			name = Release;
		};
		F3B9C56821D8ADBD006B087C /* Debug */ = {
			isa = XCBuildConfiguration;
			baseConfigurationReference = E9832DBC08F70CD0EB78F27C /* Pods-OrzBLEDemo.debug.xcconfig */;
			buildSettings = {
				ALWAYS_EMBED_SWIFT_STANDARD_LIBRARIES = YES;
				ASSETCATALOG_COMPILER_APPICON_NAME = AppIcon;
				CODE_SIGN_STYLE = Automatic;
				DEVELOPMENT_TEAM = 2N62934Y28;
				INFOPLIST_FILE = OrzBLEDemo/Info.plist;
				LD_RUNPATH_SEARCH_PATHS = (
					"$(inherited)",
					"@executable_path/Frameworks",
				);
				PRODUCT_BUNDLE_IDENTIFIER = com.joker.OrzBLEDemo;
				PRODUCT_NAME = "$(TARGET_NAME)";
				SWIFT_VERSION = 5.0;
				TARGETED_DEVICE_FAMILY = "1,2";
			};
			name = Debug;
		};
		F3B9C56921D8ADBD006B087C /* Release */ = {
			isa = XCBuildConfiguration;
			baseConfigurationReference = 58207A5316F528A10C07A25F /* Pods-OrzBLEDemo.release.xcconfig */;
			buildSettings = {
				ALWAYS_EMBED_SWIFT_STANDARD_LIBRARIES = YES;
				ASSETCATALOG_COMPILER_APPICON_NAME = AppIcon;
				CODE_SIGN_STYLE = Automatic;
				DEVELOPMENT_TEAM = 2N62934Y28;
				INFOPLIST_FILE = OrzBLEDemo/Info.plist;
				LD_RUNPATH_SEARCH_PATHS = (
					"$(inherited)",
					"@executable_path/Frameworks",
				);
				PRODUCT_BUNDLE_IDENTIFIER = com.joker.OrzBLEDemo;
				PRODUCT_NAME = "$(TARGET_NAME)";
				SWIFT_VERSION = 5.0;
				TARGETED_DEVICE_FAMILY = "1,2";
			};
			name = Release;
		};
/* End XCBuildConfiguration section */

/* Begin XCConfigurationList section */
		F3B9C55021D8ADBC006B087C /* Build configuration list for PBXProject "OrzBLEDemo" */ = {
			isa = XCConfigurationList;
			buildConfigurations = (
				F3B9C56521D8ADBD006B087C /* Debug */,
				F3B9C56621D8ADBD006B087C /* Release */,
			);
			defaultConfigurationIsVisible = 0;
			defaultConfigurationName = Release;
		};
		F3B9C56721D8ADBD006B087C /* Build configuration list for PBXNativeTarget "OrzBLEDemo" */ = {
			isa = XCConfigurationList;
			buildConfigurations = (
				F3B9C56821D8ADBD006B087C /* Debug */,
				F3B9C56921D8ADBD006B087C /* Release */,
			);
			defaultConfigurationIsVisible = 0;
			defaultConfigurationName = Release;
		};
/* End XCConfigurationList section */
	};
	rootObject = F3B9C54D21D8ADBC006B087C /* Project object */;
}
